// !$*UTF8*$!
{
	archiveVersion = 1;
	classes = {
	};
	objectVersion = 46;
	objects = {

/* Begin PBXBuildFile section */
		AB1F572916ED14D70019B8CD /* WolfAnnotationView.m in Sources */ = {isa = PBXBuildFile; fileRef = AB1F572816ED14D70019B8CD /* WolfAnnotationView.m */; };
		AB1F573016ED1CCF0019B8CD /* Icon-Small.png in Resources */ = {isa = PBXBuildFile; fileRef = AB1F572F16ED1CCF0019B8CD /* Icon-Small.png */; };
		AB267DCD16E5610700DA22C3 /* PhonyFriendDictionary.m in Sources */ = {isa = PBXBuildFile; fileRef = AB267DCC16E5610700DA22C3 /* PhonyFriendDictionary.m */; };
		AB269CBC1730B49E00B8F70C /* HorizontalTextScroller.m in Sources */ = {isa = PBXBuildFile; fileRef = AB269CBB1730B49E00B8F70C /* HorizontalTextScroller.m */; };
		AB461E7716E15B47009FDC9A /* UIKit.framework in Frameworks */ = {isa = PBXBuildFile; fileRef = AB461E7616E15B47009FDC9A /* UIKit.framework */; };
		AB461E7916E15B47009FDC9A /* Foundation.framework in Frameworks */ = {isa = PBXBuildFile; fileRef = AB461E7816E15B47009FDC9A /* Foundation.framework */; };
		AB461E7B16E15B47009FDC9A /* CoreGraphics.framework in Frameworks */ = {isa = PBXBuildFile; fileRef = AB461E7A16E15B47009FDC9A /* CoreGraphics.framework */; };
		AB461E8116E15B47009FDC9A /* InfoPlist.strings in Resources */ = {isa = PBXBuildFile; fileRef = AB461E7F16E15B47009FDC9A /* InfoPlist.strings */; };
		AB461E8316E15B47009FDC9A /* main.m in Sources */ = {isa = PBXBuildFile; fileRef = AB461E8216E15B47009FDC9A /* main.m */; };
		AB461E8716E15B47009FDC9A /* AppDelegate.m in Sources */ = {isa = PBXBuildFile; fileRef = AB461E8616E15B47009FDC9A /* AppDelegate.m */; };
		AB461E8916E15B47009FDC9A /* Default.png in Resources */ = {isa = PBXBuildFile; fileRef = AB461E8816E15B47009FDC9A /* Default.png */; };
		AB461E8B16E15B47009FDC9A /* Default@2x.png in Resources */ = {isa = PBXBuildFile; fileRef = AB461E8A16E15B47009FDC9A /* Default@2x.png */; };
		AB461E8D16E15B47009FDC9A /* Default-568h@2x.png in Resources */ = {isa = PBXBuildFile; fileRef = AB461E8C16E15B47009FDC9A /* Default-568h@2x.png */; };
		AB461E9016E15B47009FDC9A /* MainStoryboard.storyboard in Resources */ = {isa = PBXBuildFile; fileRef = AB461E8E16E15B47009FDC9A /* MainStoryboard.storyboard */; };
		AB461E9A16E15EEE009FDC9A /* wolfPackBackground.jpg in Resources */ = {isa = PBXBuildFile; fileRef = AB461E9916E15EEE009FDC9A /* wolfPackBackground.jpg */; };
		AB461E9D16E16000009FDC9A /* ContainerViewController.m in Sources */ = {isa = PBXBuildFile; fileRef = AB461E9C16E16000009FDC9A /* ContainerViewController.m */; };
		AB461EA316E16157009FDC9A /* WolfMapViewController.m in Sources */ = {isa = PBXBuildFile; fileRef = AB461EA216E16157009FDC9A /* WolfMapViewController.m */; };
		AB461EA616E16170009FDC9A /* CoreDataTableViewController.m in Sources */ = {isa = PBXBuildFile; fileRef = AB461EA516E16170009FDC9A /* CoreDataTableViewController.m */; };
		AB461EA916E161A5009FDC9A /* WolfListCDTVC.m in Sources */ = {isa = PBXBuildFile; fileRef = AB461EA816E161A5009FDC9A /* WolfListCDTVC.m */; };
		AB461EAB16E161D3009FDC9A /* CoreData.framework in Frameworks */ = {isa = PBXBuildFile; fileRef = AB461EAA16E161D3009FDC9A /* CoreData.framework */; };
		AB461EAD16E161DB009FDC9A /* MapKit.framework in Frameworks */ = {isa = PBXBuildFile; fileRef = AB461EAC16E161DB009FDC9A /* MapKit.framework */; };
		AB461EB516E165BE009FDC9A /* ContainerTabBarController.m in Sources */ = {isa = PBXBuildFile; fileRef = AB461EB416E165BE009FDC9A /* ContainerTabBarController.m */; };
		AB461EB816E1666E009FDC9A /* HungrySlider.m in Sources */ = {isa = PBXBuildFile; fileRef = AB461EB716E1666E009FDC9A /* HungrySlider.m */; };
		AB461ECB16E18243009FDC9A /* MapViewController.m in Sources */ = {isa = PBXBuildFile; fileRef = AB461ECA16E18243009FDC9A /* MapViewController.m */; };
		AB461ECE16E1999F009FDC9A /* Model.xcdatamodeld in Sources */ = {isa = PBXBuildFile; fileRef = AB461ECC16E1999F009FDC9A /* Model.xcdatamodeld */; };
		AB461ED116E19AD5009FDC9A /* MyManagedObjectContext.m in Sources */ = {isa = PBXBuildFile; fileRef = AB461ED016E19AD5009FDC9A /* MyManagedObjectContext.m */; };
		AB461EDD16E19B8A009FDC9A /* Friend+MKAnnotation.m in Sources */ = {isa = PBXBuildFile; fileRef = AB461EDC16E19B8A009FDC9A /* Friend+MKAnnotation.m */; };
		AB461EDF16E19C6D009FDC9A /* fficon.png in Resources */ = {isa = PBXBuildFile; fileRef = AB461EDE16E19C6D009FDC9A /* fficon.png */; };
		AB4771071724826A003B1357 /* 01-refresh.png in Resources */ = {isa = PBXBuildFile; fileRef = AB4771051724826A003B1357 /* 01-refresh.png */; };
		AB4771081724826A003B1357 /* 01-refresh@2x.png in Resources */ = {isa = PBXBuildFile; fileRef = AB4771061724826A003B1357 /* 01-refresh@2x.png */; };
		AB4771141724B59D003B1357 /* MyCLLocationManager.m in Sources */ = {isa = PBXBuildFile; fileRef = AB4771131724B59D003B1357 /* MyCLLocationManager.m */; };
		AB62DF40173C242600A0E630 /* SVProgressHUD.m in Sources */ = {isa = PBXBuildFile; fileRef = AB62DF3F173C242600A0E630 /* SVProgressHUD.m */; };
		AB62DF45173C243300A0E630 /* error.png in Resources */ = {isa = PBXBuildFile; fileRef = AB62DF41173C243300A0E630 /* error.png */; };
		AB62DF46173C243300A0E630 /* error@2x.png in Resources */ = {isa = PBXBuildFile; fileRef = AB62DF42173C243300A0E630 /* error@2x.png */; };
		AB62DF47173C243300A0E630 /* success.png in Resources */ = {isa = PBXBuildFile; fileRef = AB62DF43173C243300A0E630 /* success.png */; };
		AB62DF48173C243300A0E630 /* success@2x.png in Resources */ = {isa = PBXBuildFile; fileRef = AB62DF44173C243300A0E630 /* success@2x.png */; };
		AB687B6A1740ACDC008E167C /* NSArray+BB.m in Sources */ = {isa = PBXBuildFile; fileRef = AB687B691740ACDC008E167C /* NSArray+BB.m */; };
		AB687B731740ACEE008E167C /* KPAnnotationTree.m in Sources */ = {isa = PBXBuildFile; fileRef = AB687B6C1740ACEE008E167C /* KPAnnotationTree.m */; };
		AB687B741740ACEE008E167C /* KPTreeNode.m in Sources */ = {isa = PBXBuildFile; fileRef = AB687B6E1740ACEE008E167C /* KPTreeNode.m */; };
		AB687B751740ACEE008E167C /* KPAnnotation.m in Sources */ = {isa = PBXBuildFile; fileRef = AB687B701740ACEE008E167C /* KPAnnotation.m */; };
		AB687B761740ACEE008E167C /* KPTreeController.m in Sources */ = {isa = PBXBuildFile; fileRef = AB687B721740ACEE008E167C /* KPTreeController.m */; };
		AB6CD1E316F39A2900C82052 /* MyConversation.m in Sources */ = {isa = PBXBuildFile; fileRef = AB6CD1E216F39A2900C82052 /* MyConversation.m */; };
		AB6CD1E716F39A7300C82052 /* Conversation.m in Sources */ = {isa = PBXBuildFile; fileRef = AB6CD1E616F39A7300C82052 /* Conversation.m */; };
		AB6CD1FA16F39BEF00C82052 /* UIBubbleTableView.m in Sources */ = {isa = PBXBuildFile; fileRef = AB6CD1F116F39BEF00C82052 /* UIBubbleTableView.m */; };
		AB6CD1FB16F39BEF00C82052 /* UIBubbleTableViewCell.m in Sources */ = {isa = PBXBuildFile; fileRef = AB6CD1F316F39BEF00C82052 /* UIBubbleTableViewCell.m */; };
		AB6CD1FC16F39BEF00C82052 /* UIBubbleHeaderTableViewCell.m in Sources */ = {isa = PBXBuildFile; fileRef = AB6CD1F516F39BEF00C82052 /* UIBubbleHeaderTableViewCell.m */; };
		AB6CD1FD16F39BEF00C82052 /* UIBubbleTypingTableViewCell.m in Sources */ = {isa = PBXBuildFile; fileRef = AB6CD1F716F39BEF00C82052 /* UIBubbleTypingTableViewCell.m */; };
		AB6CD20916F39C2A00C82052 /* bubbleMine.png in Resources */ = {isa = PBXBuildFile; fileRef = AB6CD1FF16F39C2A00C82052 /* bubbleMine.png */; };
		AB6CD20A16F39C2A00C82052 /* bubbleMine@2x.png in Resources */ = {isa = PBXBuildFile; fileRef = AB6CD20016F39C2A00C82052 /* bubbleMine@2x.png */; };
		AB6CD20B16F39C2A00C82052 /* bubbleSomeone.png in Resources */ = {isa = PBXBuildFile; fileRef = AB6CD20116F39C2A00C82052 /* bubbleSomeone.png */; };
		AB6CD20C16F39C2A00C82052 /* bubbleSomeone@2x.png in Resources */ = {isa = PBXBuildFile; fileRef = AB6CD20216F39C2A00C82052 /* bubbleSomeone@2x.png */; };
		AB6CD20D16F39C2A00C82052 /* missingAvatar.png in Resources */ = {isa = PBXBuildFile; fileRef = AB6CD20316F39C2A00C82052 /* missingAvatar.png */; };
		AB6CD20E16F39C2A00C82052 /* missingAvatar@2x.png in Resources */ = {isa = PBXBuildFile; fileRef = AB6CD20416F39C2A00C82052 /* missingAvatar@2x.png */; };
		AB6CD20F16F39C2A00C82052 /* typingMine.png in Resources */ = {isa = PBXBuildFile; fileRef = AB6CD20516F39C2A00C82052 /* typingMine.png */; };
		AB6CD21016F39C2A00C82052 /* typingMine@2x.png in Resources */ = {isa = PBXBuildFile; fileRef = AB6CD20616F39C2A00C82052 /* typingMine@2x.png */; };
		AB6CD21116F39C2A00C82052 /* typingSomeone.png in Resources */ = {isa = PBXBuildFile; fileRef = AB6CD20716F39C2A00C82052 /* typingSomeone.png */; };
		AB6CD21216F39C2A00C82052 /* typingSomeone@2x.png in Resources */ = {isa = PBXBuildFile; fileRef = AB6CD20816F39C2A00C82052 /* typingSomeone@2x.png */; };
		AB981EF4173CB86800FB0FAF /* reload.png in Resources */ = {isa = PBXBuildFile; fileRef = AB981EF3173CB86800FB0FAF /* reload.png */; };
		AB981EF7173CBF6B00FB0FAF /* appicon.png in Resources */ = {isa = PBXBuildFile; fileRef = AB981EF6173CBF6B00FB0FAF /* appicon.png */; };
		AB9F46A116ED8A0C00E5C2D6 /* QuartzCore.framework in Frameworks */ = {isa = PBXBuildFile; fileRef = AB9F46A016ED8A0C00E5C2D6 /* QuartzCore.framework */; };
		ABA1B8E316E6A188006F3D7C /* CoreLocation.framework in Frameworks */ = {isa = PBXBuildFile; fileRef = ABA1B8E216E6A187006F3D7C /* CoreLocation.framework */; };
		ABB3731716F444BA00CF7C36 /* ViewController.xib in Resources */ = {isa = PBXBuildFile; fileRef = ABB3731616F444BA00CF7C36 /* ViewController.xib */; };
		ABB3733116F46A2800CF7C36 /* wolf1.png in Resources */ = {isa = PBXBuildFile; fileRef = ABB3732E16F46A2800CF7C36 /* wolf1.png */; };
		ABB3733216F46A2800CF7C36 /* wolf4.png in Resources */ = {isa = PBXBuildFile; fileRef = ABB3732F16F46A2800CF7C36 /* wolf4.png */; };
		ABB3733D16F470F200CF7C36 /* hidden_wolf.png in Resources */ = {isa = PBXBuildFile; fileRef = ABB3733A16F470F200CF7C36 /* hidden_wolf.png */; };
		ABB3733E16F470F200CF7C36 /* friend_wolf.png in Resources */ = {isa = PBXBuildFile; fileRef = ABB3733B16F470F200CF7C36 /* friend_wolf.png */; };
		ABB3733F16F470F200CF7C36 /* normal_wolf.png in Resources */ = {isa = PBXBuildFile; fileRef = ABB3733C16F470F200CF7C36 /* normal_wolf.png */; };
		ABB428691729F61F00F338B5 /* Friend.m in Sources */ = {isa = PBXBuildFile; fileRef = ABB428681729F61F00F338B5 /* Friend.m */; };
		ABB4287E172A06A200F338B5 /* ULTAppDelegate.m in Sources */ = {isa = PBXBuildFile; fileRef = ABB42872172A06A200F338B5 /* ULTAppDelegate.m */; };
		ABB4287F172A06A200F338B5 /* ULTRootViewController.m in Sources */ = {isa = PBXBuildFile; fileRef = ABB42874172A06A200F338B5 /* ULTRootViewController.m */; };
		ABB42880172A06A200F338B5 /* ULTDataViewController.m in Sources */ = {isa = PBXBuildFile; fileRef = ABB42876172A06A200F338B5 /* ULTDataViewController.m */; };
		ABB42881172A06A200F338B5 /* ULTModelController.m in Sources */ = {isa = PBXBuildFile; fileRef = ABB42878172A06A200F338B5 /* ULTModelController.m */; };
		ABB42882172A06A200F338B5 /* ULTSignUpViewController.m in Sources */ = {isa = PBXBuildFile; fileRef = ABB4287A172A06A200F338B5 /* ULTSignUpViewController.m */; };
		ABB42883172A06A200F338B5 /* ULTFriendsList.m in Sources */ = {isa = PBXBuildFile; fileRef = ABB4287C172A06A200F338B5 /* ULTFriendsList.m */; };
		ABB42884172A06A200F338B5 /* wolf2.png in Resources */ = {isa = PBXBuildFile; fileRef = ABB4287D172A06A200F338B5 /* wolf2.png */; };
		ABB4288E172A14D900F338B5 /* EditSettingsViewController.m in Sources */ = {isa = PBXBuildFile; fileRef = ABB4288B172A14D900F338B5 /* EditSettingsViewController.m */; };
		ABB4288F172A14D900F338B5 /* SettingsViewController.m in Sources */ = {isa = PBXBuildFile; fileRef = ABB4288D172A14D900F338B5 /* SettingsViewController.m */; };
		ABB4289F172A174D00F338B5 /* 193-location-arrow.png in Resources */ = {isa = PBXBuildFile; fileRef = ABB42894172A174D00F338B5 /* 193-location-arrow.png */; };
		ABB428A0172A174D00F338B5 /* 193-location-arrow@2x.png in Resources */ = {isa = PBXBuildFile; fileRef = ABB42895172A174D00F338B5 /* 193-location-arrow@2x.png */; };
		ABB428A1172A174D00F338B5 /* 117-todo.png in Resources */ = {isa = PBXBuildFile; fileRef = ABB42896172A174D00F338B5 /* 117-todo.png */; };
		ABB428A2172A174D00F338B5 /* 117-todo@2x.png in Resources */ = {isa = PBXBuildFile; fileRef = ABB42897172A174D00F338B5 /* 117-todo@2x.png */; };
		ABB428A3172A174D00F338B5 /* 83-calendar.png in Resources */ = {isa = PBXBuildFile; fileRef = ABB42898172A174D00F338B5 /* 83-calendar.png */; };
		ABB428A4172A174D00F338B5 /* 83-calendar@2x.png in Resources */ = {isa = PBXBuildFile; fileRef = ABB42899172A174D00F338B5 /* 83-calendar@2x.png */; };
		ABB428A5172A174D00F338B5 /* 71-compass.png in Resources */ = {isa = PBXBuildFile; fileRef = ABB4289A172A174D00F338B5 /* 71-compass.png */; };
		ABB428A6172A174D00F338B5 /* 71-compass@2x.png in Resources */ = {isa = PBXBuildFile; fileRef = ABB4289B172A174D00F338B5 /* 71-compass@2x.png */; };
		ABB428A7172A174D00F338B5 /* 19-gear.png in Resources */ = {isa = PBXBuildFile; fileRef = ABB4289C172A174D00F338B5 /* 19-gear.png */; };
		ABB428A8172A174D00F338B5 /* 19-gear@2x.png in Resources */ = {isa = PBXBuildFile; fileRef = ABB4289D172A174D00F338B5 /* 19-gear@2x.png */; };
		ABB428A9172A174D00F338B5 /* 07-map-marker@2x.png in Resources */ = {isa = PBXBuildFile; fileRef = ABB4289E172A174D00F338B5 /* 07-map-marker@2x.png */; };
		ABB428BC172B851D00F338B5 /* ChatTableViewController.m in Sources */ = {isa = PBXBuildFile; fileRef = ABB428B7172B851D00F338B5 /* ChatTableViewController.m */; };
		ABB428BD172B851D00F338B5 /* ViewController.m in Sources */ = {isa = PBXBuildFile; fileRef = ABB428B9172B851D00F338B5 /* ViewController.m */; };
		ABB428BE172B851D00F338B5 /* NSBubbleData.m in Sources */ = {isa = PBXBuildFile; fileRef = ABB428BB172B851D00F338B5 /* NSBubbleData.m */; };
		ABF06A911742E4FA00544BB0 /* Chat_Footer_ArrowUp.png in Resources */ = {isa = PBXBuildFile; fileRef = ABF06A831742E4F900544BB0 /* Chat_Footer_ArrowUp.png */; };
		ABF06A921742E4FA00544BB0 /* Chat_Footer_ArrowUp@2x.png in Resources */ = {isa = PBXBuildFile; fileRef = ABF06A841742E4F900544BB0 /* Chat_Footer_ArrowUp@2x.png */; };
		ABF06A931742E4FA00544BB0 /* Chat_Footer_ArrowUp_Pressed.png in Resources */ = {isa = PBXBuildFile; fileRef = ABF06A851742E4F900544BB0 /* Chat_Footer_ArrowUp_Pressed.png */; };
		ABF06A941742E4FA00544BB0 /* Chat_Footer_ArrowUp_Pressed@2x.png in Resources */ = {isa = PBXBuildFile; fileRef = ABF06A861742E4F900544BB0 /* Chat_Footer_ArrowUp_Pressed@2x.png */; };
		ABF06A951742E4FA00544BB0 /* Chat_Footer_BG.png in Resources */ = {isa = PBXBuildFile; fileRef = ABF06A871742E4F900544BB0 /* Chat_Footer_BG.png */; };
		ABF06A961742E4FA00544BB0 /* Chat_Footer_BG@2x.png in Resources */ = {isa = PBXBuildFile; fileRef = ABF06A881742E4F900544BB0 /* Chat_Footer_BG@2x.png */; };
		ABF06A971742E4FA00544BB0 /* Chat_Footer_Smiley_Icon.png in Resources */ = {isa = PBXBuildFile; fileRef = ABF06A891742E4F900544BB0 /* Chat_Footer_Smiley_Icon.png */; };
		ABF06A981742E4FA00544BB0 /* Chat_Footer_Smiley_Icon@2x.png in Resources */ = {isa = PBXBuildFile; fileRef = ABF06A8A1742E4F900544BB0 /* Chat_Footer_Smiley_Icon@2x.png */; };
		ABF06A991742E4FA00544BB0 /* Chat_Footer_Smiley_Icon_Pressed.png in Resources */ = {isa = PBXBuildFile; fileRef = ABF06A8B1742E4FA00544BB0 /* Chat_Footer_Smiley_Icon_Pressed.png */; };
		ABF06A9A1742E4FA00544BB0 /* Chat_Footer_Smiley_Icon_Pressed@2x.png in Resources */ = {isa = PBXBuildFile; fileRef = ABF06A8C1742E4FA00544BB0 /* Chat_Footer_Smiley_Icon_Pressed@2x.png */; };
		ABF06A9B1742E4FA00544BB0 /* Chat_Send_Button.png in Resources */ = {isa = PBXBuildFile; fileRef = ABF06A8D1742E4FA00544BB0 /* Chat_Send_Button.png */; };
		ABF06A9C1742E4FA00544BB0 /* Chat_Send_Button@2x.png in Resources */ = {isa = PBXBuildFile; fileRef = ABF06A8E1742E4FA00544BB0 /* Chat_Send_Button@2x.png */; };
		ABF06A9D1742E4FA00544BB0 /* Chat_Send_Button_Pressed.png in Resources */ = {isa = PBXBuildFile; fileRef = ABF06A8F1742E4FA00544BB0 /* Chat_Send_Button_Pressed.png */; };
		ABF06A9E1742E4FA00544BB0 /* Chat_Send_Button_Pressed@2x.png in Resources */ = {isa = PBXBuildFile; fileRef = ABF06A901742E4FA00544BB0 /* Chat_Send_Button_Pressed@2x.png */; };
		ABF06AA71742F4A200544BB0 /* HPGrowingTextView.m in Sources */ = {isa = PBXBuildFile; fileRef = ABF06AA41742F4A100544BB0 /* HPGrowingTextView.m */; };
		ABF06AA81742F4A200544BB0 /* HPTextViewInternal.m in Sources */ = {isa = PBXBuildFile; fileRef = ABF06AA61742F4A200544BB0 /* HPTextViewInternal.m */; };
/* End PBXBuildFile section */

/* Begin PBXFileReference section */
		AB1F572716ED14D70019B8CD /* WolfAnnotationView.h */ = {isa = PBXFileReference; fileEncoding = 4; lastKnownFileType = sourcecode.c.h; path = WolfAnnotationView.h; sourceTree = "<group>"; };
		AB1F572816ED14D70019B8CD /* WolfAnnotationView.m */ = {isa = PBXFileReference; fileEncoding = 4; lastKnownFileType = sourcecode.c.objc; path = WolfAnnotationView.m; sourceTree = "<group>"; };
		AB1F572F16ED1CCF0019B8CD /* Icon-Small.png */ = {isa = PBXFileReference; lastKnownFileType = image.png; path = "Icon-Small.png"; sourceTree = "<group>"; };
		AB267DCB16E5610700DA22C3 /* PhonyFriendDictionary.h */ = {isa = PBXFileReference; fileEncoding = 4; lastKnownFileType = sourcecode.c.h; path = PhonyFriendDictionary.h; sourceTree = "<group>"; };
		AB267DCC16E5610700DA22C3 /* PhonyFriendDictionary.m */ = {isa = PBXFileReference; fileEncoding = 4; lastKnownFileType = sourcecode.c.objc; path = PhonyFriendDictionary.m; sourceTree = "<group>"; };
		AB269CBA1730B49E00B8F70C /* HorizontalTextScroller.h */ = {isa = PBXFileReference; fileEncoding = 4; lastKnownFileType = sourcecode.c.h; path = HorizontalTextScroller.h; sourceTree = "<group>"; };
		AB269CBB1730B49E00B8F70C /* HorizontalTextScroller.m */ = {isa = PBXFileReference; fileEncoding = 4; lastKnownFileType = sourcecode.c.objc; path = HorizontalTextScroller.m; sourceTree = "<group>"; };
		AB461E7216E15B47009FDC9A /* WolfPack.app */ = {isa = PBXFileReference; explicitFileType = wrapper.application; includeInIndex = 0; path = WolfPack.app; sourceTree = BUILT_PRODUCTS_DIR; };
		AB461E7616E15B47009FDC9A /* UIKit.framework */ = {isa = PBXFileReference; lastKnownFileType = wrapper.framework; name = UIKit.framework; path = System/Library/Frameworks/UIKit.framework; sourceTree = SDKROOT; };
		AB461E7816E15B47009FDC9A /* Foundation.framework */ = {isa = PBXFileReference; lastKnownFileType = wrapper.framework; name = Foundation.framework; path = System/Library/Frameworks/Foundation.framework; sourceTree = SDKROOT; };
		AB461E7A16E15B47009FDC9A /* CoreGraphics.framework */ = {isa = PBXFileReference; lastKnownFileType = wrapper.framework; name = CoreGraphics.framework; path = System/Library/Frameworks/CoreGraphics.framework; sourceTree = SDKROOT; };
		AB461E7E16E15B47009FDC9A /* WolfPack-Info.plist */ = {isa = PBXFileReference; lastKnownFileType = text.plist.xml; path = "WolfPack-Info.plist"; sourceTree = "<group>"; };
		AB461E8016E15B47009FDC9A /* en */ = {isa = PBXFileReference; lastKnownFileType = text.plist.strings; name = en; path = en.lproj/InfoPlist.strings; sourceTree = "<group>"; };
		AB461E8216E15B47009FDC9A /* main.m */ = {isa = PBXFileReference; lastKnownFileType = sourcecode.c.objc; path = main.m; sourceTree = "<group>"; };
		AB461E8416E15B47009FDC9A /* WolfPack-Prefix.pch */ = {isa = PBXFileReference; lastKnownFileType = sourcecode.c.h; path = "WolfPack-Prefix.pch"; sourceTree = "<group>"; };
		AB461E8516E15B47009FDC9A /* AppDelegate.h */ = {isa = PBXFileReference; lastKnownFileType = sourcecode.c.h; path = AppDelegate.h; sourceTree = "<group>"; };
		AB461E8616E15B47009FDC9A /* AppDelegate.m */ = {isa = PBXFileReference; lastKnownFileType = sourcecode.c.objc; path = AppDelegate.m; sourceTree = "<group>"; };
		AB461E8816E15B47009FDC9A /* Default.png */ = {isa = PBXFileReference; lastKnownFileType = image.png; path = Default.png; sourceTree = "<group>"; };
		AB461E8A16E15B47009FDC9A /* Default@2x.png */ = {isa = PBXFileReference; lastKnownFileType = image.png; path = "Default@2x.png"; sourceTree = "<group>"; };
		AB461E8C16E15B47009FDC9A /* Default-568h@2x.png */ = {isa = PBXFileReference; lastKnownFileType = image.png; path = "Default-568h@2x.png"; sourceTree = "<group>"; };
		AB461E8F16E15B47009FDC9A /* en */ = {isa = PBXFileReference; lastKnownFileType = file.storyboard; name = en; path = en.lproj/MainStoryboard.storyboard; sourceTree = "<group>"; };
		AB461E9916E15EEE009FDC9A /* wolfPackBackground.jpg */ = {isa = PBXFileReference; lastKnownFileType = image.jpeg; path = wolfPackBackground.jpg; sourceTree = "<group>"; };
		AB461E9B16E16000009FDC9A /* ContainerViewController.h */ = {isa = PBXFileReference; fileEncoding = 4; lastKnownFileType = sourcecode.c.h; path = ContainerViewController.h; sourceTree = "<group>"; };
		AB461E9C16E16000009FDC9A /* ContainerViewController.m */ = {isa = PBXFileReference; fileEncoding = 4; lastKnownFileType = sourcecode.c.objc; path = ContainerViewController.m; sourceTree = "<group>"; };
		AB461EA116E16157009FDC9A /* WolfMapViewController.h */ = {isa = PBXFileReference; fileEncoding = 4; lastKnownFileType = sourcecode.c.h; path = WolfMapViewController.h; sourceTree = "<group>"; };
		AB461EA216E16157009FDC9A /* WolfMapViewController.m */ = {isa = PBXFileReference; fileEncoding = 4; lastKnownFileType = sourcecode.c.objc; path = WolfMapViewController.m; sourceTree = "<group>"; };
		AB461EA416E16170009FDC9A /* CoreDataTableViewController.h */ = {isa = PBXFileReference; fileEncoding = 4; lastKnownFileType = sourcecode.c.h; path = CoreDataTableViewController.h; sourceTree = "<group>"; };
		AB461EA516E16170009FDC9A /* CoreDataTableViewController.m */ = {isa = PBXFileReference; fileEncoding = 4; lastKnownFileType = sourcecode.c.objc; path = CoreDataTableViewController.m; sourceTree = "<group>"; };
		AB461EA716E161A5009FDC9A /* WolfListCDTVC.h */ = {isa = PBXFileReference; fileEncoding = 4; lastKnownFileType = sourcecode.c.h; path = WolfListCDTVC.h; sourceTree = "<group>"; };
		AB461EA816E161A5009FDC9A /* WolfListCDTVC.m */ = {isa = PBXFileReference; fileEncoding = 4; lastKnownFileType = sourcecode.c.objc; path = WolfListCDTVC.m; sourceTree = "<group>"; };
		AB461EAA16E161D3009FDC9A /* CoreData.framework */ = {isa = PBXFileReference; lastKnownFileType = wrapper.framework; name = CoreData.framework; path = System/Library/Frameworks/CoreData.framework; sourceTree = SDKROOT; };
		AB461EAC16E161DB009FDC9A /* MapKit.framework */ = {isa = PBXFileReference; lastKnownFileType = wrapper.framework; name = MapKit.framework; path = System/Library/Frameworks/MapKit.framework; sourceTree = SDKROOT; };
		AB461EB316E165BE009FDC9A /* ContainerTabBarController.h */ = {isa = PBXFileReference; fileEncoding = 4; lastKnownFileType = sourcecode.c.h; name = ContainerTabBarController.h; path = ../ContainerTabBarController.h; sourceTree = "<group>"; };
		AB461EB416E165BE009FDC9A /* ContainerTabBarController.m */ = {isa = PBXFileReference; fileEncoding = 4; lastKnownFileType = sourcecode.c.objc; name = ContainerTabBarController.m; path = ../ContainerTabBarController.m; sourceTree = "<group>"; };
		AB461EB616E1666E009FDC9A /* HungrySlider.h */ = {isa = PBXFileReference; fileEncoding = 4; lastKnownFileType = sourcecode.c.h; name = HungrySlider.h; path = ../HungrySlider.h; sourceTree = "<group>"; };
		AB461EB716E1666E009FDC9A /* HungrySlider.m */ = {isa = PBXFileReference; fileEncoding = 4; lastKnownFileType = sourcecode.c.objc; name = HungrySlider.m; path = ../HungrySlider.m; sourceTree = "<group>"; };
		AB461EC916E18243009FDC9A /* MapViewController.h */ = {isa = PBXFileReference; fileEncoding = 4; lastKnownFileType = sourcecode.c.h; path = MapViewController.h; sourceTree = "<group>"; };
		AB461ECA16E18243009FDC9A /* MapViewController.m */ = {isa = PBXFileReference; fileEncoding = 4; lastKnownFileType = sourcecode.c.objc; path = MapViewController.m; sourceTree = "<group>"; };
		AB461ECD16E1999F009FDC9A /* Model.xcdatamodel */ = {isa = PBXFileReference; lastKnownFileType = wrapper.xcdatamodel; path = Model.xcdatamodel; sourceTree = "<group>"; };
		AB461ECF16E19AD4009FDC9A /* MyManagedObjectContext.h */ = {isa = PBXFileReference; fileEncoding = 4; lastKnownFileType = sourcecode.c.h; path = MyManagedObjectContext.h; sourceTree = "<group>"; };
		AB461ED016E19AD5009FDC9A /* MyManagedObjectContext.m */ = {isa = PBXFileReference; fileEncoding = 4; lastKnownFileType = sourcecode.c.objc; path = MyManagedObjectContext.m; sourceTree = "<group>"; };
		AB461EDB16E19B8A009FDC9A /* Friend+MKAnnotation.h */ = {isa = PBXFileReference; fileEncoding = 4; lastKnownFileType = sourcecode.c.h; name = "Friend+MKAnnotation.h"; path = "../Friend+MKAnnotation.h"; sourceTree = "<group>"; };
		AB461EDC16E19B8A009FDC9A /* Friend+MKAnnotation.m */ = {isa = PBXFileReference; fileEncoding = 4; lastKnownFileType = sourcecode.c.objc; name = "Friend+MKAnnotation.m"; path = "../Friend+MKAnnotation.m"; sourceTree = "<group>"; };
		AB461EDE16E19C6D009FDC9A /* fficon.png */ = {isa = PBXFileReference; lastKnownFileType = image.png; path = fficon.png; sourceTree = "<group>"; };
		AB4771051724826A003B1357 /* 01-refresh.png */ = {isa = PBXFileReference; lastKnownFileType = image.png; path = "01-refresh.png"; sourceTree = "<group>"; };
		AB4771061724826A003B1357 /* 01-refresh@2x.png */ = {isa = PBXFileReference; lastKnownFileType = image.png; path = "01-refresh@2x.png"; sourceTree = "<group>"; };
		AB4771121724B59D003B1357 /* MyCLLocationManager.h */ = {isa = PBXFileReference; fileEncoding = 4; lastKnownFileType = sourcecode.c.h; path = MyCLLocationManager.h; sourceTree = "<group>"; };
		AB4771131724B59D003B1357 /* MyCLLocationManager.m */ = {isa = PBXFileReference; fileEncoding = 4; lastKnownFileType = sourcecode.c.objc; path = MyCLLocationManager.m; sourceTree = "<group>"; };
		AB62DF3E173C242600A0E630 /* SVProgressHUD.h */ = {isa = PBXFileReference; fileEncoding = 4; lastKnownFileType = sourcecode.c.h; path = SVProgressHUD.h; sourceTree = "<group>"; };
		AB62DF3F173C242600A0E630 /* SVProgressHUD.m */ = {isa = PBXFileReference; fileEncoding = 4; lastKnownFileType = sourcecode.c.objc; path = SVProgressHUD.m; sourceTree = "<group>"; };
		AB62DF41173C243300A0E630 /* error.png */ = {isa = PBXFileReference; lastKnownFileType = image.png; path = error.png; sourceTree = "<group>"; };
		AB62DF42173C243300A0E630 /* error@2x.png */ = {isa = PBXFileReference; lastKnownFileType = image.png; path = "error@2x.png"; sourceTree = "<group>"; };
		AB62DF43173C243300A0E630 /* success.png */ = {isa = PBXFileReference; lastKnownFileType = image.png; path = success.png; sourceTree = "<group>"; };
		AB62DF44173C243300A0E630 /* success@2x.png */ = {isa = PBXFileReference; lastKnownFileType = image.png; path = "success@2x.png"; sourceTree = "<group>"; };
		AB687B681740ACDC008E167C /* NSArray+BB.h */ = {isa = PBXFileReference; fileEncoding = 4; lastKnownFileType = sourcecode.c.h; path = "NSArray+BB.h"; sourceTree = "<group>"; };
		AB687B691740ACDC008E167C /* NSArray+BB.m */ = {isa = PBXFileReference; fileEncoding = 4; lastKnownFileType = sourcecode.c.objc; path = "NSArray+BB.m"; sourceTree = "<group>"; };
		AB687B6B1740ACEE008E167C /* KPAnnotationTree.h */ = {isa = PBXFileReference; fileEncoding = 4; lastKnownFileType = sourcecode.c.h; path = KPAnnotationTree.h; sourceTree = "<group>"; };
		AB687B6C1740ACEE008E167C /* KPAnnotationTree.m */ = {isa = PBXFileReference; fileEncoding = 4; lastKnownFileType = sourcecode.c.objc; path = KPAnnotationTree.m; sourceTree = "<group>"; };
		AB687B6D1740ACEE008E167C /* KPTreeNode.h */ = {isa = PBXFileReference; fileEncoding = 4; lastKnownFileType = sourcecode.c.h; path = KPTreeNode.h; sourceTree = "<group>"; };
		AB687B6E1740ACEE008E167C /* KPTreeNode.m */ = {isa = PBXFileReference; fileEncoding = 4; lastKnownFileType = sourcecode.c.objc; path = KPTreeNode.m; sourceTree = "<group>"; };
		AB687B6F1740ACEE008E167C /* KPAnnotation.h */ = {isa = PBXFileReference; fileEncoding = 4; lastKnownFileType = sourcecode.c.h; path = KPAnnotation.h; sourceTree = "<group>"; };
		AB687B701740ACEE008E167C /* KPAnnotation.m */ = {isa = PBXFileReference; fileEncoding = 4; lastKnownFileType = sourcecode.c.objc; path = KPAnnotation.m; sourceTree = "<group>"; };
		AB687B711740ACEE008E167C /* KPTreeController.h */ = {isa = PBXFileReference; fileEncoding = 4; lastKnownFileType = sourcecode.c.h; path = KPTreeController.h; sourceTree = "<group>"; };
		AB687B721740ACEE008E167C /* KPTreeController.m */ = {isa = PBXFileReference; fileEncoding = 4; lastKnownFileType = sourcecode.c.objc; path = KPTreeController.m; sourceTree = "<group>"; };
		AB6CD1E116F39A2900C82052 /* MyConversation.h */ = {isa = PBXFileReference; fileEncoding = 4; lastKnownFileType = sourcecode.c.h; path = MyConversation.h; sourceTree = "<group>"; };
		AB6CD1E216F39A2900C82052 /* MyConversation.m */ = {isa = PBXFileReference; fileEncoding = 4; lastKnownFileType = sourcecode.c.objc; path = MyConversation.m; sourceTree = "<group>"; };
		AB6CD1E516F39A7300C82052 /* Conversation.h */ = {isa = PBXFileReference; fileEncoding = 4; lastKnownFileType = sourcecode.c.h; path = Conversation.h; sourceTree = "<group>"; };
		AB6CD1E616F39A7300C82052 /* Conversation.m */ = {isa = PBXFileReference; fileEncoding = 4; lastKnownFileType = sourcecode.c.objc; path = Conversation.m; sourceTree = "<group>"; };
		AB6CD1F016F39BEF00C82052 /* UIBubbleTableView.h */ = {isa = PBXFileReference; fileEncoding = 4; lastKnownFileType = sourcecode.c.h; path = UIBubbleTableView.h; sourceTree = "<group>"; };
		AB6CD1F116F39BEF00C82052 /* UIBubbleTableView.m */ = {isa = PBXFileReference; fileEncoding = 4; lastKnownFileType = sourcecode.c.objc; path = UIBubbleTableView.m; sourceTree = "<group>"; };
		AB6CD1F216F39BEF00C82052 /* UIBubbleTableViewCell.h */ = {isa = PBXFileReference; fileEncoding = 4; lastKnownFileType = sourcecode.c.h; path = UIBubbleTableViewCell.h; sourceTree = "<group>"; };
		AB6CD1F316F39BEF00C82052 /* UIBubbleTableViewCell.m */ = {isa = PBXFileReference; fileEncoding = 4; lastKnownFileType = sourcecode.c.objc; path = UIBubbleTableViewCell.m; sourceTree = "<group>"; };
		AB6CD1F416F39BEF00C82052 /* UIBubbleHeaderTableViewCell.h */ = {isa = PBXFileReference; fileEncoding = 4; lastKnownFileType = sourcecode.c.h; path = UIBubbleHeaderTableViewCell.h; sourceTree = "<group>"; };
		AB6CD1F516F39BEF00C82052 /* UIBubbleHeaderTableViewCell.m */ = {isa = PBXFileReference; fileEncoding = 4; lastKnownFileType = sourcecode.c.objc; path = UIBubbleHeaderTableViewCell.m; sourceTree = "<group>"; };
		AB6CD1F616F39BEF00C82052 /* UIBubbleTypingTableViewCell.h */ = {isa = PBXFileReference; fileEncoding = 4; lastKnownFileType = sourcecode.c.h; path = UIBubbleTypingTableViewCell.h; sourceTree = "<group>"; };
		AB6CD1F716F39BEF00C82052 /* UIBubbleTypingTableViewCell.m */ = {isa = PBXFileReference; fileEncoding = 4; lastKnownFileType = sourcecode.c.objc; path = UIBubbleTypingTableViewCell.m; sourceTree = "<group>"; };
		AB6CD1F816F39BEF00C82052 /* UIBubbleTableViewDataSource.h */ = {isa = PBXFileReference; fileEncoding = 4; lastKnownFileType = sourcecode.c.h; path = UIBubbleTableViewDataSource.h; sourceTree = "<group>"; };
		AB6CD1FF16F39C2A00C82052 /* bubbleMine.png */ = {isa = PBXFileReference; lastKnownFileType = image.png; path = bubbleMine.png; sourceTree = "<group>"; };
		AB6CD20016F39C2A00C82052 /* bubbleMine@2x.png */ = {isa = PBXFileReference; lastKnownFileType = image.png; path = "bubbleMine@2x.png"; sourceTree = "<group>"; };
		AB6CD20116F39C2A00C82052 /* bubbleSomeone.png */ = {isa = PBXFileReference; lastKnownFileType = image.png; path = bubbleSomeone.png; sourceTree = "<group>"; };
		AB6CD20216F39C2A00C82052 /* bubbleSomeone@2x.png */ = {isa = PBXFileReference; lastKnownFileType = image.png; path = "bubbleSomeone@2x.png"; sourceTree = "<group>"; };
		AB6CD20316F39C2A00C82052 /* missingAvatar.png */ = {isa = PBXFileReference; lastKnownFileType = image.png; path = missingAvatar.png; sourceTree = "<group>"; };
		AB6CD20416F39C2A00C82052 /* missingAvatar@2x.png */ = {isa = PBXFileReference; lastKnownFileType = image.png; path = "missingAvatar@2x.png"; sourceTree = "<group>"; };
		AB6CD20516F39C2A00C82052 /* typingMine.png */ = {isa = PBXFileReference; lastKnownFileType = image.png; path = typingMine.png; sourceTree = "<group>"; };
		AB6CD20616F39C2A00C82052 /* typingMine@2x.png */ = {isa = PBXFileReference; lastKnownFileType = image.png; path = "typingMine@2x.png"; sourceTree = "<group>"; };
		AB6CD20716F39C2A00C82052 /* typingSomeone.png */ = {isa = PBXFileReference; lastKnownFileType = image.png; path = typingSomeone.png; sourceTree = "<group>"; };
		AB6CD20816F39C2A00C82052 /* typingSomeone@2x.png */ = {isa = PBXFileReference; lastKnownFileType = image.png; path = "typingSomeone@2x.png"; sourceTree = "<group>"; };
		AB981EF3173CB86800FB0FAF /* reload.png */ = {isa = PBXFileReference; lastKnownFileType = image.png; path = reload.png; sourceTree = "<group>"; };
		AB981EF6173CBF6B00FB0FAF /* appicon.png */ = {isa = PBXFileReference; lastKnownFileType = image.png; name = appicon.png; path = ../appicon.png; sourceTree = "<group>"; };
		AB9F46A016ED8A0C00E5C2D6 /* QuartzCore.framework */ = {isa = PBXFileReference; lastKnownFileType = wrapper.framework; name = QuartzCore.framework; path = System/Library/Frameworks/QuartzCore.framework; sourceTree = SDKROOT; };
		ABA1B8E216E6A187006F3D7C /* CoreLocation.framework */ = {isa = PBXFileReference; lastKnownFileType = wrapper.framework; name = CoreLocation.framework; path = System/Library/Frameworks/CoreLocation.framework; sourceTree = SDKROOT; };
		ABB3731616F444BA00CF7C36 /* ViewController.xib */ = {isa = PBXFileReference; fileEncoding = 4; lastKnownFileType = file.xib; path = ViewController.xib; sourceTree = "<group>"; };
		ABB3732E16F46A2800CF7C36 /* wolf1.png */ = {isa = PBXFileReference; lastKnownFileType = image.png; path = wolf1.png; sourceTree = "<group>"; };
		ABB3732F16F46A2800CF7C36 /* wolf4.png */ = {isa = PBXFileReference; lastKnownFileType = image.png; path = wolf4.png; sourceTree = "<group>"; };
		ABB3733A16F470F200CF7C36 /* hidden_wolf.png */ = {isa = PBXFileReference; lastKnownFileType = image.png; path = hidden_wolf.png; sourceTree = "<group>"; };
		ABB3733B16F470F200CF7C36 /* friend_wolf.png */ = {isa = PBXFileReference; lastKnownFileType = image.png; path = friend_wolf.png; sourceTree = "<group>"; };
		ABB3733C16F470F200CF7C36 /* normal_wolf.png */ = {isa = PBXFileReference; lastKnownFileType = image.png; path = normal_wolf.png; sourceTree = "<group>"; };
		ABB428671729F61F00F338B5 /* Friend.h */ = {isa = PBXFileReference; fileEncoding = 4; lastKnownFileType = sourcecode.c.h; path = Friend.h; sourceTree = "<group>"; };
		ABB428681729F61F00F338B5 /* Friend.m */ = {isa = PBXFileReference; fileEncoding = 4; lastKnownFileType = sourcecode.c.objc; path = Friend.m; sourceTree = "<group>"; };
		ABB42871172A06A200F338B5 /* ULTAppDelegate.h */ = {isa = PBXFileReference; fileEncoding = 4; lastKnownFileType = sourcecode.c.h; path = ULTAppDelegate.h; sourceTree = "<group>"; };
		ABB42872172A06A200F338B5 /* ULTAppDelegate.m */ = {isa = PBXFileReference; fileEncoding = 4; lastKnownFileType = sourcecode.c.objc; path = ULTAppDelegate.m; sourceTree = "<group>"; };
		ABB42873172A06A200F338B5 /* ULTRootViewController.h */ = {isa = PBXFileReference; fileEncoding = 4; lastKnownFileType = sourcecode.c.h; path = ULTRootViewController.h; sourceTree = "<group>"; };
		ABB42874172A06A200F338B5 /* ULTRootViewController.m */ = {isa = PBXFileReference; fileEncoding = 4; lastKnownFileType = sourcecode.c.objc; path = ULTRootViewController.m; sourceTree = "<group>"; };
		ABB42875172A06A200F338B5 /* ULTDataViewController.h */ = {isa = PBXFileReference; fileEncoding = 4; lastKnownFileType = sourcecode.c.h; path = ULTDataViewController.h; sourceTree = "<group>"; };
		ABB42876172A06A200F338B5 /* ULTDataViewController.m */ = {isa = PBXFileReference; fileEncoding = 4; lastKnownFileType = sourcecode.c.objc; path = ULTDataViewController.m; sourceTree = "<group>"; };
		ABB42877172A06A200F338B5 /* ULTModelController.h */ = {isa = PBXFileReference; fileEncoding = 4; lastKnownFileType = sourcecode.c.h; path = ULTModelController.h; sourceTree = "<group>"; };
		ABB42878172A06A200F338B5 /* ULTModelController.m */ = {isa = PBXFileReference; fileEncoding = 4; lastKnownFileType = sourcecode.c.objc; path = ULTModelController.m; sourceTree = "<group>"; };
		ABB42879172A06A200F338B5 /* ULTSignUpViewController.h */ = {isa = PBXFileReference; fileEncoding = 4; lastKnownFileType = sourcecode.c.h; path = ULTSignUpViewController.h; sourceTree = "<group>"; };
		ABB4287A172A06A200F338B5 /* ULTSignUpViewController.m */ = {isa = PBXFileReference; fileEncoding = 4; lastKnownFileType = sourcecode.c.objc; path = ULTSignUpViewController.m; sourceTree = "<group>"; };
		ABB4287B172A06A200F338B5 /* ULTFriendsList.h */ = {isa = PBXFileReference; fileEncoding = 4; lastKnownFileType = sourcecode.c.h; path = ULTFriendsList.h; sourceTree = "<group>"; };
		ABB4287C172A06A200F338B5 /* ULTFriendsList.m */ = {isa = PBXFileReference; fileEncoding = 4; lastKnownFileType = sourcecode.c.objc; path = ULTFriendsList.m; sourceTree = "<group>"; };
		ABB4287D172A06A200F338B5 /* wolf2.png */ = {isa = PBXFileReference; lastKnownFileType = image.png; path = wolf2.png; sourceTree = "<group>"; };
		ABB4288A172A14D900F338B5 /* EditSettingsViewController.h */ = {isa = PBXFileReference; fileEncoding = 4; lastKnownFileType = sourcecode.c.h; path = EditSettingsViewController.h; sourceTree = "<group>"; };
		ABB4288B172A14D900F338B5 /* EditSettingsViewController.m */ = {isa = PBXFileReference; fileEncoding = 4; lastKnownFileType = sourcecode.c.objc; path = EditSettingsViewController.m; sourceTree = "<group>"; };
		ABB4288C172A14D900F338B5 /* SettingsViewController.h */ = {isa = PBXFileReference; fileEncoding = 4; lastKnownFileType = sourcecode.c.h; path = SettingsViewController.h; sourceTree = "<group>"; };
		ABB4288D172A14D900F338B5 /* SettingsViewController.m */ = {isa = PBXFileReference; fileEncoding = 4; lastKnownFileType = sourcecode.c.objc; path = SettingsViewController.m; sourceTree = "<group>"; };
		ABB42894172A174D00F338B5 /* 193-location-arrow.png */ = {isa = PBXFileReference; lastKnownFileType = image.png; path = "193-location-arrow.png"; sourceTree = "<group>"; };
		ABB42895172A174D00F338B5 /* 193-location-arrow@2x.png */ = {isa = PBXFileReference; lastKnownFileType = image.png; path = "193-location-arrow@2x.png"; sourceTree = "<group>"; };
		ABB42896172A174D00F338B5 /* 117-todo.png */ = {isa = PBXFileReference; lastKnownFileType = image.png; path = "117-todo.png"; sourceTree = "<group>"; };
		ABB42897172A174D00F338B5 /* 117-todo@2x.png */ = {isa = PBXFileReference; lastKnownFileType = image.png; path = "117-todo@2x.png"; sourceTree = "<group>"; };
		ABB42898172A174D00F338B5 /* 83-calendar.png */ = {isa = PBXFileReference; lastKnownFileType = image.png; path = "83-calendar.png"; sourceTree = "<group>"; };
		ABB42899172A174D00F338B5 /* 83-calendar@2x.png */ = {isa = PBXFileReference; lastKnownFileType = image.png; path = "83-calendar@2x.png"; sourceTree = "<group>"; };
		ABB4289A172A174D00F338B5 /* 71-compass.png */ = {isa = PBXFileReference; lastKnownFileType = image.png; path = "71-compass.png"; sourceTree = "<group>"; };
		ABB4289B172A174D00F338B5 /* 71-compass@2x.png */ = {isa = PBXFileReference; lastKnownFileType = image.png; path = "71-compass@2x.png"; sourceTree = "<group>"; };
		ABB4289C172A174D00F338B5 /* 19-gear.png */ = {isa = PBXFileReference; lastKnownFileType = image.png; path = "19-gear.png"; sourceTree = "<group>"; };
		ABB4289D172A174D00F338B5 /* 19-gear@2x.png */ = {isa = PBXFileReference; lastKnownFileType = image.png; path = "19-gear@2x.png"; sourceTree = "<group>"; };
		ABB4289E172A174D00F338B5 /* 07-map-marker@2x.png */ = {isa = PBXFileReference; lastKnownFileType = image.png; path = "07-map-marker@2x.png"; sourceTree = "<group>"; };
		ABB428B6172B851D00F338B5 /* ChatTableViewController.h */ = {isa = PBXFileReference; fileEncoding = 4; lastKnownFileType = sourcecode.c.h; path = ChatTableViewController.h; sourceTree = "<group>"; };
		ABB428B7172B851D00F338B5 /* ChatTableViewController.m */ = {isa = PBXFileReference; fileEncoding = 4; lastKnownFileType = sourcecode.c.objc; path = ChatTableViewController.m; sourceTree = "<group>"; };
		ABB428B8172B851D00F338B5 /* ViewController.h */ = {isa = PBXFileReference; fileEncoding = 4; lastKnownFileType = sourcecode.c.h; path = ViewController.h; sourceTree = "<group>"; };
		ABB428B9172B851D00F338B5 /* ViewController.m */ = {isa = PBXFileReference; fileEncoding = 4; lastKnownFileType = sourcecode.c.objc; path = ViewController.m; sourceTree = "<group>"; };
		ABB428BA172B851D00F338B5 /* NSBubbleData.h */ = {isa = PBXFileReference; fileEncoding = 4; lastKnownFileType = sourcecode.c.h; path = NSBubbleData.h; sourceTree = "<group>"; };
		ABB428BB172B851D00F338B5 /* NSBubbleData.m */ = {isa = PBXFileReference; fileEncoding = 4; lastKnownFileType = sourcecode.c.objc; path = NSBubbleData.m; sourceTree = "<group>"; };
		ABF06A831742E4F900544BB0 /* Chat_Footer_ArrowUp.png */ = {isa = PBXFileReference; lastKnownFileType = image.png; path = Chat_Footer_ArrowUp.png; sourceTree = "<group>"; };
		ABF06A841742E4F900544BB0 /* Chat_Footer_ArrowUp@2x.png */ = {isa = PBXFileReference; lastKnownFileType = image.png; path = "Chat_Footer_ArrowUp@2x.png"; sourceTree = "<group>"; };
		ABF06A851742E4F900544BB0 /* Chat_Footer_ArrowUp_Pressed.png */ = {isa = PBXFileReference; lastKnownFileType = image.png; path = Chat_Footer_ArrowUp_Pressed.png; sourceTree = "<group>"; };
		ABF06A861742E4F900544BB0 /* Chat_Footer_ArrowUp_Pressed@2x.png */ = {isa = PBXFileReference; lastKnownFileType = image.png; path = "Chat_Footer_ArrowUp_Pressed@2x.png"; sourceTree = "<group>"; };
		ABF06A871742E4F900544BB0 /* Chat_Footer_BG.png */ = {isa = PBXFileReference; lastKnownFileType = image.png; path = Chat_Footer_BG.png; sourceTree = "<group>"; };
		ABF06A881742E4F900544BB0 /* Chat_Footer_BG@2x.png */ = {isa = PBXFileReference; lastKnownFileType = image.png; path = "Chat_Footer_BG@2x.png"; sourceTree = "<group>"; };
		ABF06A891742E4F900544BB0 /* Chat_Footer_Smiley_Icon.png */ = {isa = PBXFileReference; lastKnownFileType = image.png; path = Chat_Footer_Smiley_Icon.png; sourceTree = "<group>"; };
		ABF06A8A1742E4F900544BB0 /* Chat_Footer_Smiley_Icon@2x.png */ = {isa = PBXFileReference; lastKnownFileType = image.png; path = "Chat_Footer_Smiley_Icon@2x.png"; sourceTree = "<group>"; };
		ABF06A8B1742E4FA00544BB0 /* Chat_Footer_Smiley_Icon_Pressed.png */ = {isa = PBXFileReference; lastKnownFileType = image.png; path = Chat_Footer_Smiley_Icon_Pressed.png; sourceTree = "<group>"; };
		ABF06A8C1742E4FA00544BB0 /* Chat_Footer_Smiley_Icon_Pressed@2x.png */ = {isa = PBXFileReference; lastKnownFileType = image.png; path = "Chat_Footer_Smiley_Icon_Pressed@2x.png"; sourceTree = "<group>"; };
		ABF06A8D1742E4FA00544BB0 /* Chat_Send_Button.png */ = {isa = PBXFileReference; lastKnownFileType = image.png; path = Chat_Send_Button.png; sourceTree = "<group>"; };
		ABF06A8E1742E4FA00544BB0 /* Chat_Send_Button@2x.png */ = {isa = PBXFileReference; lastKnownFileType = image.png; path = "Chat_Send_Button@2x.png"; sourceTree = "<group>"; };
		ABF06A8F1742E4FA00544BB0 /* Chat_Send_Button_Pressed.png */ = {isa = PBXFileReference; lastKnownFileType = image.png; path = Chat_Send_Button_Pressed.png; sourceTree = "<group>"; };
		ABF06A901742E4FA00544BB0 /* Chat_Send_Button_Pressed@2x.png */ = {isa = PBXFileReference; lastKnownFileType = image.png; path = "Chat_Send_Button_Pressed@2x.png"; sourceTree = "<group>"; };
		ABF06AA31742F4A100544BB0 /* HPGrowingTextView.h */ = {isa = PBXFileReference; fileEncoding = 4; lastKnownFileType = sourcecode.c.h; path = HPGrowingTextView.h; sourceTree = "<group>"; };
		ABF06AA41742F4A100544BB0 /* HPGrowingTextView.m */ = {isa = PBXFileReference; fileEncoding = 4; lastKnownFileType = sourcecode.c.objc; path = HPGrowingTextView.m; sourceTree = "<group>"; };
		ABF06AA51742F4A200544BB0 /* HPTextViewInternal.h */ = {isa = PBXFileReference; fileEncoding = 4; lastKnownFileType = sourcecode.c.h; path = HPTextViewInternal.h; sourceTree = "<group>"; };
		ABF06AA61742F4A200544BB0 /* HPTextViewInternal.m */ = {isa = PBXFileReference; fileEncoding = 4; lastKnownFileType = sourcecode.c.objc; path = HPTextViewInternal.m; sourceTree = "<group>"; };
/* End PBXFileReference section */

/* Begin PBXFrameworksBuildPhase section */
		AB461E6F16E15B47009FDC9A /* Frameworks */ = {
			isa = PBXFrameworksBuildPhase;
			buildActionMask = 2147483647;
			files = (
				ABA1B8E316E6A188006F3D7C /* CoreLocation.framework in Frameworks */,
				AB9F46A116ED8A0C00E5C2D6 /* QuartzCore.framework in Frameworks */,
				AB461EAD16E161DB009FDC9A /* MapKit.framework in Frameworks */,
				AB461EAB16E161D3009FDC9A /* CoreData.framework in Frameworks */,
				AB461E7716E15B47009FDC9A /* UIKit.framework in Frameworks */,
				AB461E7916E15B47009FDC9A /* Foundation.framework in Frameworks */,
				AB461E7B16E15B47009FDC9A /* CoreGraphics.framework in Frameworks */,
			);
			runOnlyForDeploymentPostprocessing = 0;
		};
/* End PBXFrameworksBuildPhase section */

/* Begin PBXGroup section */
		AB461E6716E15B47009FDC9A = {
			isa = PBXGroup;
			children = (
				AB461E7C16E15B47009FDC9A /* WolfPack */,
				AB461E7516E15B47009FDC9A /* Frameworks */,
				AB461E7316E15B47009FDC9A /* Products */,
			);
			sourceTree = "<group>";
		};
		AB461E7316E15B47009FDC9A /* Products */ = {
			isa = PBXGroup;
			children = (
				AB461E7216E15B47009FDC9A /* WolfPack.app */,
			);
			name = Products;
			sourceTree = "<group>";
		};
		AB461E7516E15B47009FDC9A /* Frameworks */ = {
			isa = PBXGroup;
			children = (
				AB9F46A016ED8A0C00E5C2D6 /* QuartzCore.framework */,
				AB461EAC16E161DB009FDC9A /* MapKit.framework */,
				AB461EAA16E161D3009FDC9A /* CoreData.framework */,
				ABA1B8E216E6A187006F3D7C /* CoreLocation.framework */,
				AB461E7616E15B47009FDC9A /* UIKit.framework */,
				AB461E7816E15B47009FDC9A /* Foundation.framework */,
				AB461E7A16E15B47009FDC9A /* CoreGraphics.framework */,
			);
			name = Frameworks;
			sourceTree = "<group>";
		};
		AB461E7C16E15B47009FDC9A /* WolfPack */ = {
			isa = PBXGroup;
			children = (
				AB461E8E16E15B47009FDC9A /* MainStoryboard.storyboard */,
				ABB42889172A14B000F338B5 /* Settings */,
				ABB4286F172A065C00F338B5 /* Login */,
				AB6CD1ED16F39BD700C82052 /* Chat */,
				AB461EAE16E161FC009FDC9A /* Container */,
				AB461EB016E1622D009FDC9A /* List */,
				AB461EAF16E16213009FDC9A /* Map */,
				AB461E7D16E15B47009FDC9A /* Supporting Files */,
			);
			path = WolfPack;
			sourceTree = "<group>";
		};
		AB461E7D16E15B47009FDC9A /* Supporting Files */ = {
			isa = PBXGroup;
			children = (
				AB981EF6173CBF6B00FB0FAF /* appicon.png */,
				AB62DF3E173C242600A0E630 /* SVProgressHUD.h */,
				AB62DF3F173C242600A0E630 /* SVProgressHUD.m */,
				AB981EF3173CB86800FB0FAF /* reload.png */,
				AB62DF41173C243300A0E630 /* error.png */,
				AB62DF42173C243300A0E630 /* error@2x.png */,
				AB62DF43173C243300A0E630 /* success.png */,
				AB62DF44173C243300A0E630 /* success@2x.png */,
				ABB42894172A174D00F338B5 /* 193-location-arrow.png */,
				ABB42895172A174D00F338B5 /* 193-location-arrow@2x.png */,
				ABB42896172A174D00F338B5 /* 117-todo.png */,
				ABB42897172A174D00F338B5 /* 117-todo@2x.png */,
				ABB42898172A174D00F338B5 /* 83-calendar.png */,
				ABB42899172A174D00F338B5 /* 83-calendar@2x.png */,
				ABB4289A172A174D00F338B5 /* 71-compass.png */,
				ABB4289B172A174D00F338B5 /* 71-compass@2x.png */,
				ABB4289C172A174D00F338B5 /* 19-gear.png */,
				ABB4289D172A174D00F338B5 /* 19-gear@2x.png */,
				ABB4289E172A174D00F338B5 /* 07-map-marker@2x.png */,
				AB461ECC16E1999F009FDC9A /* Model.xcdatamodeld */,
				ABB428671729F61F00F338B5 /* Friend.h */,
				ABB428681729F61F00F338B5 /* Friend.m */,
				AB1F572F16ED1CCF0019B8CD /* Icon-Small.png */,
				AB461EDE16E19C6D009FDC9A /* fficon.png */,
				AB461EDB16E19B8A009FDC9A /* Friend+MKAnnotation.h */,
				AB461EDC16E19B8A009FDC9A /* Friend+MKAnnotation.m */,
				AB461E8516E15B47009FDC9A /* AppDelegate.h */,
				AB461E8616E15B47009FDC9A /* AppDelegate.m */,
				AB461E7E16E15B47009FDC9A /* WolfPack-Info.plist */,
				AB461E7F16E15B47009FDC9A /* InfoPlist.strings */,
				AB461E8216E15B47009FDC9A /* main.m */,
				AB461E8416E15B47009FDC9A /* WolfPack-Prefix.pch */,
				AB461E8816E15B47009FDC9A /* Default.png */,
				AB461E8A16E15B47009FDC9A /* Default@2x.png */,
				AB461E8C16E15B47009FDC9A /* Default-568h@2x.png */,
				AB461E9916E15EEE009FDC9A /* wolfPackBackground.jpg */,
			);
			name = "Supporting Files";
			sourceTree = "<group>";
		};
		AB461EAE16E161FC009FDC9A /* Container */ = {
			isa = PBXGroup;
			children = (
				AB461EB316E165BE009FDC9A /* ContainerTabBarController.h */,
				AB461EB416E165BE009FDC9A /* ContainerTabBarController.m */,
				AB461E9B16E16000009FDC9A /* ContainerViewController.h */,
				AB461E9C16E16000009FDC9A /* ContainerViewController.m */,
				AB461EB616E1666E009FDC9A /* HungrySlider.h */,
				AB461EB716E1666E009FDC9A /* HungrySlider.m */,
				AB4771121724B59D003B1357 /* MyCLLocationManager.h */,
				AB4771131724B59D003B1357 /* MyCLLocationManager.m */,
				AB461ECF16E19AD4009FDC9A /* MyManagedObjectContext.h */,
				AB461ED016E19AD5009FDC9A /* MyManagedObjectContext.m */,
				AB6CD1E116F39A2900C82052 /* MyConversation.h */,
				AB6CD1E216F39A2900C82052 /* MyConversation.m */,
				AB6CD1E516F39A7300C82052 /* Conversation.h */,
				AB6CD1E616F39A7300C82052 /* Conversation.m */,
				AB267DCB16E5610700DA22C3 /* PhonyFriendDictionary.h */,
				AB267DCC16E5610700DA22C3 /* PhonyFriendDictionary.m */,
			);
			name = Container;
			sourceTree = "<group>";
		};
		AB461EAF16E16213009FDC9A /* Map */ = {
			isa = PBXGroup;
			children = (
				AB687B661740ACC8008E167C /* KP */,
				AB4771051724826A003B1357 /* 01-refresh.png */,
				AB4771061724826A003B1357 /* 01-refresh@2x.png */,
				ABB3733A16F470F200CF7C36 /* hidden_wolf.png */,
				ABB3733B16F470F200CF7C36 /* friend_wolf.png */,
				ABB3733C16F470F200CF7C36 /* normal_wolf.png */,
				ABB3732E16F46A2800CF7C36 /* wolf1.png */,
				ABB3732F16F46A2800CF7C36 /* wolf4.png */,
				AB461EC916E18243009FDC9A /* MapViewController.h */,
				AB461ECA16E18243009FDC9A /* MapViewController.m */,
				AB461EA116E16157009FDC9A /* WolfMapViewController.h */,
				AB461EA216E16157009FDC9A /* WolfMapViewController.m */,
				AB1F572716ED14D70019B8CD /* WolfAnnotationView.h */,
				AB1F572816ED14D70019B8CD /* WolfAnnotationView.m */,
			);
			name = Map;
			sourceTree = "<group>";
		};
		AB461EB016E1622D009FDC9A /* List */ = {
			isa = PBXGroup;
			children = (
				AB461EA716E161A5009FDC9A /* WolfListCDTVC.h */,
				AB461EA816E161A5009FDC9A /* WolfListCDTVC.m */,
				AB461EA416E16170009FDC9A /* CoreDataTableViewController.h */,
				AB461EA516E16170009FDC9A /* CoreDataTableViewController.m */,
			);
			name = List;
			sourceTree = "<group>";
		};
		AB687B661740ACC8008E167C /* KP */ = {
			isa = PBXGroup;
			children = (
				AB687B681740ACDC008E167C /* NSArray+BB.h */,
				AB687B691740ACDC008E167C /* NSArray+BB.m */,
				AB687B6B1740ACEE008E167C /* KPAnnotationTree.h */,
				AB687B6C1740ACEE008E167C /* KPAnnotationTree.m */,
				AB687B6D1740ACEE008E167C /* KPTreeNode.h */,
				AB687B6E1740ACEE008E167C /* KPTreeNode.m */,
				AB687B6F1740ACEE008E167C /* KPAnnotation.h */,
				AB687B701740ACEE008E167C /* KPAnnotation.m */,
				AB687B711740ACEE008E167C /* KPTreeController.h */,
				AB687B721740ACEE008E167C /* KPTreeController.m */,
			);
			name = KP;
			sourceTree = "<group>";
		};
		AB6CD1ED16F39BD700C82052 /* Chat */ = {
			isa = PBXGroup;
			children = (
				ABF06AA31742F4A100544BB0 /* HPGrowingTextView.h */,
				ABF06AA41742F4A100544BB0 /* HPGrowingTextView.m */,
				ABF06AA51742F4A200544BB0 /* HPTextViewInternal.h */,
				ABF06AA61742F4A200544BB0 /* HPTextViewInternal.m */,
				ABF06A831742E4F900544BB0 /* Chat_Footer_ArrowUp.png */,
				ABF06A841742E4F900544BB0 /* Chat_Footer_ArrowUp@2x.png */,
				ABF06A851742E4F900544BB0 /* Chat_Footer_ArrowUp_Pressed.png */,
				ABF06A861742E4F900544BB0 /* Chat_Footer_ArrowUp_Pressed@2x.png */,
				ABF06A871742E4F900544BB0 /* Chat_Footer_BG.png */,
				ABF06A881742E4F900544BB0 /* Chat_Footer_BG@2x.png */,
				ABF06A891742E4F900544BB0 /* Chat_Footer_Smiley_Icon.png */,
				ABF06A8A1742E4F900544BB0 /* Chat_Footer_Smiley_Icon@2x.png */,
				ABF06A8B1742E4FA00544BB0 /* Chat_Footer_Smiley_Icon_Pressed.png */,
				ABF06A8C1742E4FA00544BB0 /* Chat_Footer_Smiley_Icon_Pressed@2x.png */,
				ABF06A8D1742E4FA00544BB0 /* Chat_Send_Button.png */,
				ABF06A8E1742E4FA00544BB0 /* Chat_Send_Button@2x.png */,
				ABF06A8F1742E4FA00544BB0 /* Chat_Send_Button_Pressed.png */,
				ABF06A901742E4FA00544BB0 /* Chat_Send_Button_Pressed@2x.png */,
				AB269CBA1730B49E00B8F70C /* HorizontalTextScroller.h */,
				AB269CBB1730B49E00B8F70C /* HorizontalTextScroller.m */,
				ABB428B6172B851D00F338B5 /* ChatTableViewController.h */,
				ABB428B7172B851D00F338B5 /* ChatTableViewController.m */,
				ABB428B8172B851D00F338B5 /* ViewController.h */,
				ABB428B9172B851D00F338B5 /* ViewController.m */,
				ABB428BA172B851D00F338B5 /* NSBubbleData.h */,
				ABB428BB172B851D00F338B5 /* NSBubbleData.m */,
				ABB3731616F444BA00CF7C36 /* ViewController.xib */,
				AB6CD1FE16F39C0400C82052 /* images */,
				AB6CD1F016F39BEF00C82052 /* UIBubbleTableView.h */,
				AB6CD1F116F39BEF00C82052 /* UIBubbleTableView.m */,
				AB6CD1F216F39BEF00C82052 /* UIBubbleTableViewCell.h */,
				AB6CD1F316F39BEF00C82052 /* UIBubbleTableViewCell.m */,
				AB6CD1F416F39BEF00C82052 /* UIBubbleHeaderTableViewCell.h */,
				AB6CD1F516F39BEF00C82052 /* UIBubbleHeaderTableViewCell.m */,
				AB6CD1F616F39BEF00C82052 /* UIBubbleTypingTableViewCell.h */,
				AB6CD1F716F39BEF00C82052 /* UIBubbleTypingTableViewCell.m */,
				AB6CD1F816F39BEF00C82052 /* UIBubbleTableViewDataSource.h */,
			);
			name = Chat;
			sourceTree = "<group>";
		};
		AB6CD1FE16F39C0400C82052 /* images */ = {
			isa = PBXGroup;
			children = (
				AB6CD1FF16F39C2A00C82052 /* bubbleMine.png */,
				AB6CD20016F39C2A00C82052 /* bubbleMine@2x.png */,
				AB6CD20116F39C2A00C82052 /* bubbleSomeone.png */,
				AB6CD20216F39C2A00C82052 /* bubbleSomeone@2x.png */,
				AB6CD20316F39C2A00C82052 /* missingAvatar.png */,
				AB6CD20416F39C2A00C82052 /* missingAvatar@2x.png */,
				AB6CD20516F39C2A00C82052 /* typingMine.png */,
				AB6CD20616F39C2A00C82052 /* typingMine@2x.png */,
				AB6CD20716F39C2A00C82052 /* typingSomeone.png */,
				AB6CD20816F39C2A00C82052 /* typingSomeone@2x.png */,
			);
			name = images;
			sourceTree = "<group>";
		};
		ABB4286F172A065C00F338B5 /* Login */ = {
			isa = PBXGroup;
			children = (
				ABB42871172A06A200F338B5 /* ULTAppDelegate.h */,
				ABB42872172A06A200F338B5 /* ULTAppDelegate.m */,
				ABB42873172A06A200F338B5 /* ULTRootViewController.h */,
				ABB42874172A06A200F338B5 /* ULTRootViewController.m */,
				ABB42875172A06A200F338B5 /* ULTDataViewController.h */,
				ABB42876172A06A200F338B5 /* ULTDataViewController.m */,
				ABB42877172A06A200F338B5 /* ULTModelController.h */,
				ABB42878172A06A200F338B5 /* ULTModelController.m */,
				ABB42879172A06A200F338B5 /* ULTSignUpViewController.h */,
				ABB4287A172A06A200F338B5 /* ULTSignUpViewController.m */,
				ABB4287B172A06A200F338B5 /* ULTFriendsList.h */,
				ABB4287C172A06A200F338B5 /* ULTFriendsList.m */,
				ABB4287D172A06A200F338B5 /* wolf2.png */,
			);
			name = Login;
			sourceTree = "<group>";
		};
		ABB42889172A14B000F338B5 /* Settings */ = {
			isa = PBXGroup;
			children = (
				ABB4288A172A14D900F338B5 /* EditSettingsViewController.h */,
				ABB4288B172A14D900F338B5 /* EditSettingsViewController.m */,
				ABB4288C172A14D900F338B5 /* SettingsViewController.h */,
				ABB4288D172A14D900F338B5 /* SettingsViewController.m */,
			);
			name = Settings;
			sourceTree = "<group>";
		};
/* End PBXGroup section */

/* Begin PBXNativeTarget section */
		AB461E7116E15B47009FDC9A /* WolfPack */ = {
			isa = PBXNativeTarget;
			buildConfigurationList = AB461E9616E15B47009FDC9A /* Build configuration list for PBXNativeTarget "WolfPack" */;
			buildPhases = (
				AB461E6E16E15B47009FDC9A /* Sources */,
				AB461E6F16E15B47009FDC9A /* Frameworks */,
				AB461E7016E15B47009FDC9A /* Resources */,
			);
			buildRules = (
			);
			dependencies = (
			);
			name = WolfPack;
			productName = WolfPack;
			productReference = AB461E7216E15B47009FDC9A /* WolfPack.app */;
			productType = "com.apple.product-type.application";
		};
/* End PBXNativeTarget section */

/* Begin PBXProject section */
		AB461E6916E15B47009FDC9A /* Project object */ = {
			isa = PBXProject;
			attributes = {
				LastUpgradeCheck = 0450;
				ORGANIZATIONNAME = "Francois Chaubard";
			};
			buildConfigurationList = AB461E6C16E15B47009FDC9A /* Build configuration list for PBXProject "WolfPack" */;
			compatibilityVersion = "Xcode 3.2";
			developmentRegion = English;
			hasScannedForEncodings = 0;
			knownRegions = (
				en,
			);
			mainGroup = AB461E6716E15B47009FDC9A;
			productRefGroup = AB461E7316E15B47009FDC9A /* Products */;
			projectDirPath = "";
			projectRoot = "";
			targets = (
				AB461E7116E15B47009FDC9A /* WolfPack */,
			);
		};
/* End PBXProject section */

/* Begin PBXResourcesBuildPhase section */
		AB461E7016E15B47009FDC9A /* Resources */ = {
			isa = PBXResourcesBuildPhase;
			buildActionMask = 2147483647;
			files = (
				AB461E8116E15B47009FDC9A /* InfoPlist.strings in Resources */,
				AB461E8916E15B47009FDC9A /* Default.png in Resources */,
				AB461E8B16E15B47009FDC9A /* Default@2x.png in Resources */,
				AB461E8D16E15B47009FDC9A /* Default-568h@2x.png in Resources */,
				AB461E9016E15B47009FDC9A /* MainStoryboard.storyboard in Resources */,
				AB461E9A16E15EEE009FDC9A /* wolfPackBackground.jpg in Resources */,
				AB461EDF16E19C6D009FDC9A /* fficon.png in Resources */,
				AB1F573016ED1CCF0019B8CD /* Icon-Small.png in Resources */,
				AB6CD20916F39C2A00C82052 /* bubbleMine.png in Resources */,
				AB6CD20A16F39C2A00C82052 /* bubbleMine@2x.png in Resources */,
				AB6CD20B16F39C2A00C82052 /* bubbleSomeone.png in Resources */,
				AB6CD20C16F39C2A00C82052 /* bubbleSomeone@2x.png in Resources */,
				AB6CD20D16F39C2A00C82052 /* missingAvatar.png in Resources */,
				AB6CD20E16F39C2A00C82052 /* missingAvatar@2x.png in Resources */,
				AB6CD20F16F39C2A00C82052 /* typingMine.png in Resources */,
				AB6CD21016F39C2A00C82052 /* typingMine@2x.png in Resources */,
				AB6CD21116F39C2A00C82052 /* typingSomeone.png in Resources */,
				AB6CD21216F39C2A00C82052 /* typingSomeone@2x.png in Resources */,
				ABB3731716F444BA00CF7C36 /* ViewController.xib in Resources */,
				ABB3733116F46A2800CF7C36 /* wolf1.png in Resources */,
				ABB3733216F46A2800CF7C36 /* wolf4.png in Resources */,
				ABB3733D16F470F200CF7C36 /* hidden_wolf.png in Resources */,
				ABB3733E16F470F200CF7C36 /* friend_wolf.png in Resources */,
				ABB3733F16F470F200CF7C36 /* normal_wolf.png in Resources */,
				AB4771071724826A003B1357 /* 01-refresh.png in Resources */,
				AB4771081724826A003B1357 /* 01-refresh@2x.png in Resources */,
				ABB42884172A06A200F338B5 /* wolf2.png in Resources */,
				ABB4289F172A174D00F338B5 /* 193-location-arrow.png in Resources */,
				ABB428A0172A174D00F338B5 /* 193-location-arrow@2x.png in Resources */,
				ABB428A1172A174D00F338B5 /* 117-todo.png in Resources */,
				ABB428A2172A174D00F338B5 /* 117-todo@2x.png in Resources */,
				ABB428A3172A174D00F338B5 /* 83-calendar.png in Resources */,
				ABB428A4172A174D00F338B5 /* 83-calendar@2x.png in Resources */,
				ABB428A5172A174D00F338B5 /* 71-compass.png in Resources */,
				ABB428A6172A174D00F338B5 /* 71-compass@2x.png in Resources */,
				ABB428A7172A174D00F338B5 /* 19-gear.png in Resources */,
				ABB428A8172A174D00F338B5 /* 19-gear@2x.png in Resources */,
				ABB428A9172A174D00F338B5 /* 07-map-marker@2x.png in Resources */,
				AB62DF45173C243300A0E630 /* error.png in Resources */,
				AB62DF46173C243300A0E630 /* error@2x.png in Resources */,
				AB62DF47173C243300A0E630 /* success.png in Resources */,
				AB62DF48173C243300A0E630 /* success@2x.png in Resources */,
				AB981EF4173CB86800FB0FAF /* reload.png in Resources */,
				AB981EF7173CBF6B00FB0FAF /* appicon.png in Resources */,
				ABF06A911742E4FA00544BB0 /* Chat_Footer_ArrowUp.png in Resources */,
				ABF06A921742E4FA00544BB0 /* Chat_Footer_ArrowUp@2x.png in Resources */,
				ABF06A931742E4FA00544BB0 /* Chat_Footer_ArrowUp_Pressed.png in Resources */,
				ABF06A941742E4FA00544BB0 /* Chat_Footer_ArrowUp_Pressed@2x.png in Resources */,
				ABF06A951742E4FA00544BB0 /* Chat_Footer_BG.png in Resources */,
				ABF06A961742E4FA00544BB0 /* Chat_Footer_BG@2x.png in Resources */,
				ABF06A971742E4FA00544BB0 /* Chat_Footer_Smiley_Icon.png in Resources */,
				ABF06A981742E4FA00544BB0 /* Chat_Footer_Smiley_Icon@2x.png in Resources */,
				ABF06A991742E4FA00544BB0 /* Chat_Footer_Smiley_Icon_Pressed.png in Resources */,
				ABF06A9A1742E4FA00544BB0 /* Chat_Footer_Smiley_Icon_Pressed@2x.png in Resources */,
				ABF06A9B1742E4FA00544BB0 /* Chat_Send_Button.png in Resources */,
				ABF06A9C1742E4FA00544BB0 /* Chat_Send_Button@2x.png in Resources */,
				ABF06A9D1742E4FA00544BB0 /* Chat_Send_Button_Pressed.png in Resources */,
				ABF06A9E1742E4FA00544BB0 /* Chat_Send_Button_Pressed@2x.png in Resources */,
			);
			runOnlyForDeploymentPostprocessing = 0;
		};
/* End PBXResourcesBuildPhase section */

/* Begin PBXSourcesBuildPhase section */
		AB461E6E16E15B47009FDC9A /* Sources */ = {
			isa = PBXSourcesBuildPhase;
			buildActionMask = 2147483647;
			files = (
				AB461E8316E15B47009FDC9A /* main.m in Sources */,
				AB461E8716E15B47009FDC9A /* AppDelegate.m in Sources */,
				AB461E9D16E16000009FDC9A /* ContainerViewController.m in Sources */,
				AB461EA316E16157009FDC9A /* WolfMapViewController.m in Sources */,
				AB461EA616E16170009FDC9A /* CoreDataTableViewController.m in Sources */,
				AB461EA916E161A5009FDC9A /* WolfListCDTVC.m in Sources */,
				AB461EB516E165BE009FDC9A /* ContainerTabBarController.m in Sources */,
				AB461EB816E1666E009FDC9A /* HungrySlider.m in Sources */,
				AB461ECB16E18243009FDC9A /* MapViewController.m in Sources */,
				AB461ECE16E1999F009FDC9A /* Model.xcdatamodeld in Sources */,
				AB461ED116E19AD5009FDC9A /* MyManagedObjectContext.m in Sources */,
				AB461EDD16E19B8A009FDC9A /* Friend+MKAnnotation.m in Sources */,
				AB267DCD16E5610700DA22C3 /* PhonyFriendDictionary.m in Sources */,
				AB1F572916ED14D70019B8CD /* WolfAnnotationView.m in Sources */,
				AB6CD1E316F39A2900C82052 /* MyConversation.m in Sources */,
				AB6CD1E716F39A7300C82052 /* Conversation.m in Sources */,
				AB6CD1FA16F39BEF00C82052 /* UIBubbleTableView.m in Sources */,
				AB6CD1FB16F39BEF00C82052 /* UIBubbleTableViewCell.m in Sources */,
				AB6CD1FC16F39BEF00C82052 /* UIBubbleHeaderTableViewCell.m in Sources */,
				AB6CD1FD16F39BEF00C82052 /* UIBubbleTypingTableViewCell.m in Sources */,
				AB4771141724B59D003B1357 /* MyCLLocationManager.m in Sources */,
				ABB428691729F61F00F338B5 /* Friend.m in Sources */,
				ABB4287E172A06A200F338B5 /* ULTAppDelegate.m in Sources */,
				ABB4287F172A06A200F338B5 /* ULTRootViewController.m in Sources */,
				ABB42880172A06A200F338B5 /* ULTDataViewController.m in Sources */,
				ABB42881172A06A200F338B5 /* ULTModelController.m in Sources */,
				ABB42882172A06A200F338B5 /* ULTSignUpViewController.m in Sources */,
				ABB42883172A06A200F338B5 /* ULTFriendsList.m in Sources */,
				ABB4288E172A14D900F338B5 /* EditSettingsViewController.m in Sources */,
				ABB4288F172A14D900F338B5 /* SettingsViewController.m in Sources */,
				ABB428BC172B851D00F338B5 /* ChatTableViewController.m in Sources */,
				ABB428BD172B851D00F338B5 /* ViewController.m in Sources */,
				ABB428BE172B851D00F338B5 /* NSBubbleData.m in Sources */,
				AB269CBC1730B49E00B8F70C /* HorizontalTextScroller.m in Sources */,
				AB62DF40173C242600A0E630 /* SVProgressHUD.m in Sources */,
				AB687B6A1740ACDC008E167C /* NSArray+BB.m in Sources */,
				AB687B731740ACEE008E167C /* KPAnnotationTree.m in Sources */,
				AB687B741740ACEE008E167C /* KPTreeNode.m in Sources */,
				AB687B751740ACEE008E167C /* KPAnnotation.m in Sources */,
				AB687B761740ACEE008E167C /* KPTreeController.m in Sources */,
				ABF06AA71742F4A200544BB0 /* HPGrowingTextView.m in Sources */,
				ABF06AA81742F4A200544BB0 /* HPTextViewInternal.m in Sources */,
			);
			runOnlyForDeploymentPostprocessing = 0;
		};
/* End PBXSourcesBuildPhase section */

/* Begin PBXVariantGroup section */
		AB461E7F16E15B47009FDC9A /* InfoPlist.strings */ = {
			isa = PBXVariantGroup;
			children = (
				AB461E8016E15B47009FDC9A /* en */,
			);
			name = InfoPlist.strings;
			sourceTree = "<group>";
		};
		AB461E8E16E15B47009FDC9A /* MainStoryboard.storyboard */ = {
			isa = PBXVariantGroup;
			children = (
				AB461E8F16E15B47009FDC9A /* en */,
			);
			name = MainStoryboard.storyboard;
			sourceTree = "<group>";
		};
/* End PBXVariantGroup section */

/* Begin XCBuildConfiguration section */
		AB461E9416E15B47009FDC9A /* Debug */ = {
			isa = XCBuildConfiguration;
			buildSettings = {
				ALWAYS_SEARCH_USER_PATHS = NO;
				CLANG_CXX_LANGUAGE_STANDARD = "gnu++0x";
				CLANG_CXX_LIBRARY = "libc++";
				CLANG_ENABLE_OBJC_ARC = YES;
				CLANG_WARN_EMPTY_BODY = YES;
				CLANG_WARN__DUPLICATE_METHOD_MATCH = YES;
				"CODE_SIGN_IDENTITY[sdk=iphoneos*]" = "iPhone Developer";
				COPY_PHASE_STRIP = NO;
				GCC_C_LANGUAGE_STANDARD = gnu99;
				GCC_DYNAMIC_NO_PIC = NO;
				GCC_OPTIMIZATION_LEVEL = 0;
				GCC_PREPROCESSOR_DEFINITIONS = (
					"DEBUG=1",
					"$(inherited)",
				);
				GCC_SYMBOLS_PRIVATE_EXTERN = NO;
				GCC_WARN_ABOUT_RETURN_TYPE = YES;
				GCC_WARN_UNINITIALIZED_AUTOS = YES;
				GCC_WARN_UNUSED_VARIABLE = YES;
				IPHONEOS_DEPLOYMENT_TARGET = 6.0;
				ONLY_ACTIVE_ARCH = YES;
				SDKROOT = iphoneos;
			};
			name = Debug;
		};
		AB461E9516E15B47009FDC9A /* Release */ = {
			isa = XCBuildConfiguration;
			buildSettings = {
				ALWAYS_SEARCH_USER_PATHS = NO;
				CLANG_CXX_LANGUAGE_STANDARD = "gnu++0x";
				CLANG_CXX_LIBRARY = "libc++";
				CLANG_ENABLE_OBJC_ARC = YES;
				CLANG_WARN_EMPTY_BODY = YES;
				CLANG_WARN__DUPLICATE_METHOD_MATCH = YES;
				"CODE_SIGN_IDENTITY[sdk=iphoneos*]" = "iPhone Developer";
				COPY_PHASE_STRIP = YES;
				GCC_C_LANGUAGE_STANDARD = gnu99;
				GCC_WARN_ABOUT_RETURN_TYPE = YES;
				GCC_WARN_UNINITIALIZED_AUTOS = YES;
				GCC_WARN_UNUSED_VARIABLE = YES;
				IPHONEOS_DEPLOYMENT_TARGET = 6.0;
				OTHER_CFLAGS = "-DNS_BLOCK_ASSERTIONS=1";
				SDKROOT = iphoneos;
				VALIDATE_PRODUCT = YES;
			};
			name = Release;
		};
		AB461E9716E15B47009FDC9A /* Debug */ = {
			isa = XCBuildConfiguration;
			buildSettings = {
				CODE_SIGN_IDENTITY = "iPhone Developer: Francois Chaubard (JUMT35YJGR)";
				"CODE_SIGN_IDENTITY[sdk=iphoneos*]" = "iPhone Developer: Francois Chaubard (JUMT35YJGR)";
				GCC_PRECOMPILE_PREFIX_HEADER = YES;
				GCC_PREFIX_HEADER = "WolfPack/WolfPack-Prefix.pch";
				INFOPLIST_FILE = "WolfPack/WolfPack-Info.plist";
				PRODUCT_NAME = "$(TARGET_NAME)";
				PROVISIONING_PROFILE = "E9FF7D73-89D4-4EC1-8237-8C7181AC9858";
				"PROVISIONING_PROFILE[sdk=iphoneos*]" = "E9FF7D73-89D4-4EC1-8237-8C7181AC9858";
				WRAPPER_EXTENSION = app;
			};
			name = Debug;
		};
		AB461E9816E15B47009FDC9A /* Release */ = {
			isa = XCBuildConfiguration;
			buildSettings = {
				CODE_SIGN_IDENTITY = "iPhone Distribution: Francois Chaubard (35N8DZK2V3)";
				"CODE_SIGN_IDENTITY[sdk=iphoneos*]" = "iPhone Distribution: Francois Chaubard (35N8DZK2V3)";
				GCC_PRECOMPILE_PREFIX_HEADER = YES;
				GCC_PREFIX_HEADER = "WolfPack/WolfPack-Prefix.pch";
				INFOPLIST_FILE = "WolfPack/WolfPack-Info.plist";
				PRODUCT_NAME = "$(TARGET_NAME)";
				PROVISIONING_PROFILE = "25523470-5351-4563-AA1B-3664FD8538C7";
				"PROVISIONING_PROFILE[sdk=iphoneos*]" = "25523470-5351-4563-AA1B-3664FD8538C7";
				WRAPPER_EXTENSION = app;
			};
			name = Release;
		};
/* End XCBuildConfiguration section */

/* Begin XCConfigurationList section */
		AB461E6C16E15B47009FDC9A /* Build configuration list for PBXProject "WolfPack" */ = {
			isa = XCConfigurationList;
			buildConfigurations = (
				AB461E9416E15B47009FDC9A /* Debug */,
				AB461E9516E15B47009FDC9A /* Release */,
			);
			defaultConfigurationIsVisible = 0;
			defaultConfigurationName = Release;
		};
		AB461E9616E15B47009FDC9A /* Build configuration list for PBXNativeTarget "WolfPack" */ = {
			isa = XCConfigurationList;
			buildConfigurations = (
				AB461E9716E15B47009FDC9A /* Debug */,
				AB461E9816E15B47009FDC9A /* Release */,
			);
			defaultConfigurationIsVisible = 0;
			defaultConfigurationName = Release;
		};
/* End XCConfigurationList section */

/* Begin XCVersionGroup section */
		AB461ECC16E1999F009FDC9A /* Model.xcdatamodeld */ = {
			isa = XCVersionGroup;
			children = (
				AB461ECD16E1999F009FDC9A /* Model.xcdatamodel */,
			);
			currentVersion = AB461ECD16E1999F009FDC9A /* Model.xcdatamodel */;
			path = Model.xcdatamodeld;
			sourceTree = "<group>";
			versionGroupType = wrapper.xcdatamodel;
		};
/* End XCVersionGroup section */
	};
	rootObject = AB461E6916E15B47009FDC9A /* Project object */;
}
